# THIS IS AN AUTOGENERATED FILE. DO NOT EDIT THIS FILE DIRECTLY.
# yarn lockfile v1


"@guardian/pasteup@^1.0.0-alpha.8":
  version "1.0.0-alpha.8"
  resolved "https://registry.yarnpkg.com/@guardian/pasteup/-/pasteup-1.0.0-alpha.8.tgz#340cc86207523adc71b5b6cb1d6693e3afeab217"
  integrity sha512-ojTYoCRQxUx6axiwCLX26JKGmIah/MJix6AiPGIplQ/DiO4oJXS6RUC+HfYIEZC8V1g3woqXzmVF2lgCfDtyIA==
