# THIS IS AN AUTOGENERATED FILE. DO NOT EDIT THIS FILE DIRECTLY.
# yarn lockfile v1


"@guardian/capi-ts@^0.1.0":
  version "0.1.0"
  resolved "https://registry.yarnpkg.com/@guardian/capi-ts/-/capi-ts-0.1.0.tgz#c218e08c7ae00324d7aa90e502e52a739e751abe"
  integrity sha512-zxCPW+9O7xkiQOp284D5WwdN9X+EEWA1qM5aAkocef7le90NfYqlyNy+z7ndtjbYjfuf0mfWozCKiKFNwjg0GA==
