# THIS IS AN AUTOGENERATED FILE. DO NOT EDIT THIS FILE DIRECTLY.
# yarn lockfile v1


"@babel/runtime@^7.5.5":
  version "7.5.5"
  resolved "https://registry.yarnpkg.com/@babel/runtime/-/runtime-7.5.5.tgz#74fba56d35efbeca444091c7850ccd494fd2f132"
  integrity sha512-28QvEGyQyNkB0/m2B4FU7IEZGK2NUrcMtT6BZEFALTguLk+AUT6ofsHtPk5QyjAdUkpMJ+/Em+quwz4HOt30AQ==
  dependencies:
    regenerator-runtime "^0.13.2"

"@types/ramda@^0.26.18":
  version "0.26.18"
  resolved "https://registry.yarnpkg.com/@types/ramda/-/ramda-0.26.18.tgz#a80f02b046edd5ff777e863732591bd50c53236e"
  integrity sha512-wK3NLaAkL/ht7Nw4IZsOagJuYqzZgoboFvILolOPtmoKyy25gTdz/uvB/bXsv6vdWENYv+ml5ph873P2d/+9HA==

ramda@^0.26.1:
  version "0.26.1"
  resolved "https://registry.yarnpkg.com/ramda/-/ramda-0.26.1.tgz#8d41351eb8111c55353617fc3bbffad8e4d35d06"
  integrity sha512-hLWjpy7EnsDBb0p+Z3B7rPi3GDeRG5ZtiI33kJhTt+ORCd38AbAIjB/9zRIUoeTbE/AVX5ZkU7m6bznsvrf8eQ==

regenerator-runtime@^0.13.2:
  version "0.13.3"
  resolved "https://registry.yarnpkg.com/regenerator-runtime/-/regenerator-runtime-0.13.3.tgz#7cf6a77d8f5c6f60eb73c5fc1955b2ceb01e6bf5"
  integrity sha512-naKIZz2GQ8JWh///G7L3X6LaQUAMp2lvb1rvwwsURe/VXwD6VMfr+/1NuNw3ag8v2kY1aQ/go5SNn79O9JU7yw==
